{
  "nodes": {
    "labwc-src": {
      "flake": false,
      "locked": {
        "lastModified": 1780908679,
        "narHash": "sha256-vj+QUzjbbxri6lIS1H80FTiNQQiUx60zXiBe7K2u+P4=",
        "owner": "singularityos-lab",
        "repo": "labwc",
        "rev": "77ec8147176af5de118357c418418b9d0695eaab",
        "type": "github"
      },
      "original": {
        "owner": "singularityos-lab",
        "repo": "labwc",
        "type": "github"
      }
    },
    "nixpkgs": {
      "locked": {
        "lastModified": 1781577229,
        "narHash": "sha256-lrp67w8AulE9Ks53n27I45ADSzbOCn4H+CNW1Ck8B+8=",
        "owner": "nixos",
        "repo": "nixpkgs",
        "rev": "567a49d1913ce81ac6e9582e3553dd90a955875f",
        "type": "github"
      },
      "original": {
        "owner": "nixos",
        "ref": "nixos-unstable",
        "repo": "nixpkgs",
        "type": "github"
      }
    },
    "root": {
      "inputs": {
        "labwc-src": "labwc-src",
        "nixpkgs": "nixpkgs",
        "singularity-desktop-src": "singularity-desktop-src"
      }
    },
    "singularity-desktop-src": {
      "flake": false,
      "locked": {
        "lastModified": 1782199608,
        "narHash": "sha256-LMXZvhai2bZX3zS9DebGtdNYHU6AvetBvTZZg0cj5Ro=",
        "ref": "refs/heads/master",
        "rev": "0f37cd995a5a26f1adf398bbf4b3c32b33d9e207",
        "revCount": 146,
        "submodules": true,
        "type": "git",
        "url": "https://github.com/singularityos-lab/singularity-desktop.git"
      },
      "original": {
        "submodules": true,
        "type": "git",
        "url": "https://github.com/singularityos-lab/singularity-desktop.git"
      }
    }
  },
  "root": "root",
  "version": 7
}
