{
  "nodes": {
    "labwc-src": {
      "flake": false,
      "locked": {
        "lastModified": 1789298105,
        "narHash": "sha256-iroP5H7okT9yOumGV17UHi9+6YWVanO5c3Ja4dch6cg=",
        "owner": "singularityos-lab",
        "repo": "labwc",
        "rev": "c4a29a74b8ae12db229c6d9d5d4bbbabec3aab04",
        "type": "github"
      },
      "original": {
        "owner": "singularityos-lab",
        "repo": "labwc",
        "type": "github"
      }
    },
    "nixpkgs": {
      "locked": {
        "lastModified": 1789286504,
        "narHash": "sha256-eiEK7cKZORNEvX0GeF3RtNEF/JXhgf2RqSp3230q13E=",
        "owner": "nixos",
        "repo": "nixpkgs",
        "rev": "ef34387ddd751e1ab8857adf4676492d32eb24ec",
        "type": "github"
      },
      "original": {
        "owner": "nixos",
        "ref": "nixos-unstable",
        "repo": "nixpkgs",
        "type": "github"
      }
    },
    "root": {
      "inputs": {
        "labwc-src": "labwc-src",
        "nixpkgs": "nixpkgs",
        "singularity-desktop-src": "singularity-desktop-src"
      }
    },
    "singularity-desktop-src": {
      "flake": false,
      "locked": {
        "lastModified": 1789399019,
        "narHash": "sha256-vKNyVisf1Zd1J68+f8d10K1G1ILYT4XdhPbSV/ehsHM=",
        "ref": "refs/heads/master",
        "rev": "2dd6f9cd0c537c9733f7dbda7a8ff024e4a2c239",
        "revCount": 275,
        "submodules": true,
        "type": "git",
        "url": "https://github.com/singularityos-lab/singularity-desktop.git"
      },
      "original": {
        "submodules": true,
        "type": "git",
        "url": "https://github.com/singularityos-lab/singularity-desktop.git"
      }
    }
  },
  "root": "root",
  "version": 7
}
