name: Update flake.lock

on:
  schedule:
    # Run every 6 hours
    - cron: "0 */6 * * *"
  workflow_dispatch:

jobs:
  update-flake-lock:
    runs-on: ubuntu-latest
    permissions:
      contents: write
      pull-requests: write
    steps:
      - name: Checkout
        uses: actions/checkout@v4

      - name: Install Nix
        uses: DeterminateSystems/nix-installer-action@v16

      - name: Update flake.lock
        id: update
        uses: DeterminateSystems/update-flake-lock@v24
        with:
          token: ${{ secrets.GH_TOKEN }}
          pr-title: "chore: update flake.lock"
          pr-body: |
            Automated `nix flake update`.

            Review the diff and check that the CI build passes before merging.
          pr-labels: |
            dependencies
            automated
      - name: Enable auto-merge
        if: ${{ steps.update.outputs.pull-request-number != '' }}
        env:
          GH_TOKEN: ${{ secrets.GH_TOKEN }}
        run: gh pr merge --auto --squash --delete-branch "${{ steps.update.outputs.pull-request-number }}"
