name: Update flake.lock

on:
  schedule:
    # Run daily at 06:00 UTC
    - cron: "0 6 * * *"
  workflow_dispatch:

jobs:
  update-flake-lock:
    runs-on: ubuntu-latest
    permissions:
      contents: write
      pull-requests: write
    steps:
      - name: Checkout
        uses: actions/checkout@v4

      - name: Install Nix
        uses: DeterminateSystems/nix-installer-action@v16

      - name: Update flake.lock
        uses: DeterminateSystems/update-flake-lock@v24
        with:
          pr-title: "chore: update flake.lock"
          pr-body: |
            Automated `nix flake update`.

            Review the diff and check that the CI build passes before merging.
          pr-labels: |
            dependencies
            automated
          merge: true
